
Microsoft Visual Studio Solution File, Format Version 12.00
# Visual Studio Version 17
VisualStudioVersion = 17.7.34221.43
MinimumVisualStudioVersion = 10.0.40219.1
Project("{FAE04EC0-301F-11D3-BF4B-00C04F79EFBC}") = "AplicacionFinal", "AplicacionFinal\AplicacionFinal.csproj", "{1943D945-88EC-41A6-A2C0-146B4F6D8913}"
EndProject
Project("{FAE04EC0-301F-11D3-BF4B-00C04F79EFBC}") = "Dominio", "Dominio\Dominio.csproj", "{6476F846-CE26-47EF-BBD3-0C2E450044FB}"
EndProject
Project("{FAE04EC0-301F-11D3-BF4B-00C04F79EFBC}") = "Negocio", "Negocio\Negocio.csproj", "{2F0BB065-3299-4BC8-8B4F-EF4C5287A513}"
EndProject
Global
	GlobalSection(SolutionConfigurationPlatforms) = preSolution
		Debug|Any CPU = Debug|Any CPU
		Release|Any CPU = Release|Any CPU
	EndGlobalSection
	GlobalSection(ProjectConfigurationPlatforms) = postSolution
		{1943D945-88EC-41A6-A2C0-146B4F6D8913}.Debug|Any CPU.ActiveCfg = Debug|Any CPU
		{1943D945-88EC-41A6-A2C0-146B4F6D8913}.Debug|Any CPU.Build.0 = Debug|Any CPU
		{1943D945-88EC-41A6-A2C0-146B4F6D8913}.Release|Any CPU.ActiveCfg = Release|Any CPU
		{1943D945-88EC-41A6-A2C0-146B4F6D8913}.Release|Any CPU.Build.0 = Release|Any CPU
		{6476F846-CE26-47EF-BBD3-0C2E450044FB}.Debug|Any CPU.ActiveCfg = Debug|Any CPU
		{6476F846-CE26-47EF-BBD3-0C2E450044FB}.Debug|Any CPU.Build.0 = Debug|Any CPU
		{6476F846-CE26-47EF-BBD3-0C2E450044FB}.Release|Any CPU.ActiveCfg = Release|Any CPU
		{6476F846-CE26-47EF-BBD3-0C2E450044FB}.Release|Any CPU.Build.0 = Release|Any CPU
		{2F0BB065-3299-4BC8-8B4F-EF4C5287A513}.Debug|Any CPU.ActiveCfg = Debug|Any CPU
		{2F0BB065-3299-4BC8-8B4F-EF4C5287A513}.Debug|Any CPU.Build.0 = Debug|Any CPU
		{2F0BB065-3299-4BC8-8B4F-EF4C5287A513}.Release|Any CPU.ActiveCfg = Release|Any CPU
		{2F0BB065-3299-4BC8-8B4F-EF4C5287A513}.Release|Any CPU.Build.0 = Release|Any CPU
	EndGlobalSection
	GlobalSection(SolutionProperties) = preSolution
		HideSolutionNode = FALSE
	EndGlobalSection
	GlobalSection(ExtensibilityGlobals) = postSolution
		SolutionGuid = {3020B7FE-15D2-4999-A894-F3722507467A}
	EndGlobalSection
EndGlobal
